
Microsoft Visual Studio Solution File, Format Version 12.00
# Visual Studio Version 16
VisualStudioVersion = 16.0.34931.43
MinimumVisualStudioVersion = 10.0.40219.1
Project("{FAE04EC0-301F-11D3-BF4B-00C04F79EFBC}") = "AjusteVolumeWindows", "AjusteVolumeWindows.csproj", "{6A20A8EC-E80F-4740-9F3A-D948772BF822}"
EndProject
Global
	GlobalSection(SolutionConfigurationPlatforms) = preSolution
		Debug|Any CPU = Debug|Any CPU
		Release|Any CPU = Release|Any CPU
	EndGlobalSection
	GlobalSection(ProjectConfigurationPlatforms) = postSolution
		{6A20A8EC-E80F-4740-9F3A-D948772BF822}.Debug|Any CPU.ActiveCfg = Debug|Any CPU
		{6A20A8EC-E80F-4740-9F3A-D948772BF822}.Debug|Any CPU.Build.0 = Debug|Any CPU
		{6A20A8EC-E80F-4740-9F3A-D948772BF822}.Release|Any CPU.ActiveCfg = Release|Any CPU
		{6A20A8EC-E80F-4740-9F3A-D948772BF822}.Release|Any CPU.Build.0 = Release|Any CPU
	EndGlobalSection
	GlobalSection(SolutionProperties) = preSolution
		HideSolutionNode = FALSE
	EndGlobalSection
	GlobalSection(ExtensibilityGlobals) = postSolution
		SolutionGuid = {F6A425BB-6BC0-41CA-8950-75AF6D384867}
	EndGlobalSection
EndGlobal
